
Microsoft Visual Studio Solution File, Format Version 12.00
# Visual Studio 15
VisualStudioVersion = 15.0.28307.572
MinimumVisualStudioVersion = 10.0.40219.1
Project("{FAE04EC0-301F-11D3-BF4B-00C04F79EFBC}") = "Dictionary!", "Dictionary!\Dictionary!.csproj", "{0246DB8F-0771-499D-8F9A-DBF350B6DC26}"
EndProject
Global
	GlobalSection(SolutionConfigurationPlatforms) = preSolution
		Debug|Any CPU = Debug|Any CPU
		Release|Any CPU = Release|Any CPU
	EndGlobalSection
	GlobalSection(ProjectConfigurationPlatforms) = postSolution
		{0246DB8F-0771-499D-8F9A-DBF350B6DC26}.Debug|Any CPU.ActiveCfg = Debug|Any CPU
		{0246DB8F-0771-499D-8F9A-DBF350B6DC26}.Debug|Any CPU.Build.0 = Debug|Any CPU
		{0246DB8F-0771-499D-8F9A-DBF350B6DC26}.Release|Any CPU.ActiveCfg = Release|Any CPU
		{0246DB8F-0771-499D-8F9A-DBF350B6DC26}.Release|Any CPU.Build.0 = Release|Any CPU
	EndGlobalSection
	GlobalSection(SolutionProperties) = preSolution
		HideSolutionNode = FALSE
	EndGlobalSection
	GlobalSection(ExtensibilityGlobals) = postSolution
		SolutionGuid = {C6A1767A-0F03-41B7-AF40-199684E77B4B}
	EndGlobalSection
EndGlobal
